
Microsoft Visual Studio Solution File, Format Version 12.00
# Visual Studio Version 17
VisualStudioVersion = 17.1.32328.378
MinimumVisualStudioVersion = 10.0.40219.1
Project("{FAE04EC0-301F-11D3-BF4B-00C04F79EFBC}") = "larionov_lab_3_oop_trains", "larionov_lab_3_oop_trains\larionov_lab_3_oop_trains.csproj", "{C558D486-7B83-4C70-A2BC-5B6DD3619D50}"
EndProject
Global
	GlobalSection(SolutionConfigurationPlatforms) = preSolution
		Debug|Any CPU = Debug|Any CPU
		Release|Any CPU = Release|Any CPU
	EndGlobalSection
	GlobalSection(ProjectConfigurationPlatforms) = postSolution
		{C558D486-7B83-4C70-A2BC-5B6DD3619D50}.Debug|Any CPU.ActiveCfg = Debug|Any CPU
		{C558D486-7B83-4C70-A2BC-5B6DD3619D50}.Debug|Any CPU.Build.0 = Debug|Any CPU
		{C558D486-7B83-4C70-A2BC-5B6DD3619D50}.Release|Any CPU.ActiveCfg = Release|Any CPU
		{C558D486-7B83-4C70-A2BC-5B6DD3619D50}.Release|Any CPU.Build.0 = Release|Any CPU
	EndGlobalSection
	GlobalSection(SolutionProperties) = preSolution
		HideSolutionNode = FALSE
	EndGlobalSection
	GlobalSection(ExtensibilityGlobals) = postSolution
		SolutionGuid = {0F3710D0-01E9-4F4E-B4F8-25714DAE6953}
	EndGlobalSection
EndGlobal
